
Microsoft Visual Studio Solution File, Format Version 12.00
# Visual Studio 14
VisualStudioVersion = 14.0.24720.0
MinimumVisualStudioVersion = 10.0.40219.1
Project("{FAE04EC0-301F-11D3-BF4B-00C04F79EFBC}") = "IHM", "IHM\IHM.csproj", "{AB864B7F-77A4-4820-80DA-7EBB8D23DEE0}"
EndProject
Project("{FAE04EC0-301F-11D3-BF4B-00C04F79EFBC}") = "Services", "..\Services\Services\Services.csproj", "{5EB41DA2-975E-42A1-A613-FA516B1C5086}"
EndProject
Project("{FAE04EC0-301F-11D3-BF4B-00C04F79EFBC}") = "Data", "..\Data\Data\Data.csproj", "{99F39ED3-6979-4883-A8E6-D512D6334E1A}"
EndProject
Project("{FAE04EC0-301F-11D3-BF4B-00C04F79EFBC}") = "DataContract", "..\DataContract\DataContract\DataContract.csproj", "{52F6EF4D-69C6-4E4F-A180-23F2178DBCBD}"
EndProject
Global
	GlobalSection(SolutionConfigurationPlatforms) = preSolution
		Debug|Any CPU = Debug|Any CPU
		Release|Any CPU = Release|Any CPU
	EndGlobalSection
	GlobalSection(ProjectConfigurationPlatforms) = postSolution
		{AB864B7F-77A4-4820-80DA-7EBB8D23DEE0}.Debug|Any CPU.ActiveCfg = Debug|Any CPU
		{AB864B7F-77A4-4820-80DA-7EBB8D23DEE0}.Debug|Any CPU.Build.0 = Debug|Any CPU
		{AB864B7F-77A4-4820-80DA-7EBB8D23DEE0}.Release|Any CPU.ActiveCfg = Release|Any CPU
		{AB864B7F-77A4-4820-80DA-7EBB8D23DEE0}.Release|Any CPU.Build.0 = Release|Any CPU
		{5EB41DA2-975E-42A1-A613-FA516B1C5086}.Debug|Any CPU.ActiveCfg = Debug|Any CPU
		{5EB41DA2-975E-42A1-A613-FA516B1C5086}.Debug|Any CPU.Build.0 = Debug|Any CPU
		{5EB41DA2-975E-42A1-A613-FA516B1C5086}.Release|Any CPU.ActiveCfg = Release|Any CPU
		{5EB41DA2-975E-42A1-A613-FA516B1C5086}.Release|Any CPU.Build.0 = Release|Any CPU
		{99F39ED3-6979-4883-A8E6-D512D6334E1A}.Debug|Any CPU.ActiveCfg = Debug|Any CPU
		{99F39ED3-6979-4883-A8E6-D512D6334E1A}.Debug|Any CPU.Build.0 = Debug|Any CPU
		{99F39ED3-6979-4883-A8E6-D512D6334E1A}.Release|Any CPU.ActiveCfg = Release|Any CPU
		{99F39ED3-6979-4883-A8E6-D512D6334E1A}.Release|Any CPU.Build.0 = Release|Any CPU
		{52F6EF4D-69C6-4E4F-A180-23F2178DBCBD}.Debug|Any CPU.ActiveCfg = Debug|Any CPU
		{52F6EF4D-69C6-4E4F-A180-23F2178DBCBD}.Debug|Any CPU.Build.0 = Debug|Any CPU
		{52F6EF4D-69C6-4E4F-A180-23F2178DBCBD}.Release|Any CPU.ActiveCfg = Release|Any CPU
		{52F6EF4D-69C6-4E4F-A180-23F2178DBCBD}.Release|Any CPU.Build.0 = Release|Any CPU
	EndGlobalSection
	GlobalSection(SolutionProperties) = preSolution
		HideSolutionNode = FALSE
	EndGlobalSection
EndGlobal
